
Microsoft Visual Studio Solution File, Format Version 12.00
# Visual Studio Version 17
VisualStudioVersion = 17.7.34018.315
MinimumVisualStudioVersion = 10.0.40219.1
Project("{9A19103F-16F7-4668-BE54-9A1E7A4F7556}") = "Övning_2.1", "Övning_2.1\Övning_2.1.csproj", "{0719177C-09F3-47BF-8BF1-919C7D7EB4E0}"
EndProject
Project("{FAE04EC0-301F-11D3-BF4B-00C04F79EFBC}") = "Övning_2.2", "Övning_2.2\Övning_2.2.csproj", "{9F76157E-3D9E-4EA3-ACBF-8E71AED58ED2}"
EndProject
Project("{FAE04EC0-301F-11D3-BF4B-00C04F79EFBC}") = "Uppgift_2.1", "Uppgift_2.1\Uppgift_2.1.csproj", "{833EDE9B-7E72-4FAC-98B6-DD04FECFB572}"
EndProject
Project("{FAE04EC0-301F-11D3-BF4B-00C04F79EFBC}") = "Uppgift_2.2", "Uppgift 2.2\Uppgift_2.2.csproj", "{5783D29D-755C-484B-8180-3EFD6B04F526}"
EndProject
Project("{FAE04EC0-301F-11D3-BF4B-00C04F79EFBC}") = "Övning_3.1", "Övning_3.1\Övning_3.1.csproj", "{3E2D6FBD-A59B-4519-8F0B-7BFCD6ECDE07}"
EndProject
Project("{FAE04EC0-301F-11D3-BF4B-00C04F79EFBC}") = "Övning_3.2", "Övning_3.2\Övning_3.2.csproj", "{8F85B4A6-76EC-48F4-9399-069A2F42EB13}"
EndProject
Project("{FAE04EC0-301F-11D3-BF4B-00C04F79EFBC}") = "Övning_3.3", "Övning_3.3\Övning_3.3.csproj", "{8DE3E8AA-0E49-476A-A4B0-D5739C7AE9B1}"
EndProject
Project("{FAE04EC0-301F-11D3-BF4B-00C04F79EFBC}") = "Övning_3.4", "Övning_3.4\Övning_3.4.csproj", "{830B2F4E-7F74-47B9-AF83-55F649EAB042}"
EndProject
Project("{FAE04EC0-301F-11D3-BF4B-00C04F79EFBC}") = "Övning_3.5", "Övning_3.5\Övning_3.5.csproj", "{DAF457DB-0DA2-4CB6-90ED-C900344E56AD}"
EndProject
Project("{FAE04EC0-301F-11D3-BF4B-00C04F79EFBC}") = "Övning_3.6", "Övning_3.6\Övning_3.6.csproj", "{D362D333-0069-400C-9C40-520790DE9C79}"
EndProject
Project("{FAE04EC0-301F-11D3-BF4B-00C04F79EFBC}") = "Övning_3.7", "Övning_3.7\Övning_3.7.csproj", "{73E996DA-4AC4-4F97-A92C-918AE6E3E076}"
EndProject
Project("{FAE04EC0-301F-11D3-BF4B-00C04F79EFBC}") = "Övning_3.8", "Övning_3.8\Övning_3.8.csproj", "{5B6E2966-F941-430D-BACB-B205B91C5B6D}"
EndProject
Project("{FAE04EC0-301F-11D3-BF4B-00C04F79EFBC}") = "Uppgift_3.1", "Uppgift_3.1\Uppgift_3.1.csproj", "{8F9E1B68-2158-4805-A3A0-F6C5F7BF3CAC}"
EndProject
Project("{FAE04EC0-301F-11D3-BF4B-00C04F79EFBC}") = "Uppgift_3.2", "Uppgift_3.2\Uppgift_3.2.csproj", "{998C0DEE-D8BF-4841-83A3-A80451AB1BCD}"
EndProject
Project("{FAE04EC0-301F-11D3-BF4B-00C04F79EFBC}") = "Uppgift_3.3", "Uppgift_3.3\Uppgift_3.3.csproj", "{65926AC1-9E13-490F-9FA6-111F2C6004A7}"
EndProject
Project("{FAE04EC0-301F-11D3-BF4B-00C04F79EFBC}") = "Övning_5.1", "Övning_5.1\Övning_5.1.csproj", "{8AEB8BD2-DB6F-4FF5-960C-5FBABF850294}"
EndProject
Project("{FAE04EC0-301F-11D3-BF4B-00C04F79EFBC}") = "Övning_5.2", "Övning_5.2\Övning_5.2.csproj", "{FAFDBACE-49DA-4A99-8B86-8184BB6F7836}"
EndProject
Project("{FAE04EC0-301F-11D3-BF4B-00C04F79EFBC}") = "Övning_5.3", "Övning_5.3\Övning_5.3.csproj", "{FF2878FC-FE27-4AFF-B8A1-917D4892DEC9}"
EndProject
Project("{FAE04EC0-301F-11D3-BF4B-00C04F79EFBC}") = "Övning_5.4", "Övning_5.4\Övning_5.4.csproj", "{95E5F631-B342-40A9-A6B6-9AEA8C615380}"
EndProject
Project("{FAE04EC0-301F-11D3-BF4B-00C04F79EFBC}") = "Uppgift_5.1", "Uppgift_5.1\Uppgift_5.1.csproj", "{B4115057-BF9D-4699-829D-726BBBFCEC0D}"
EndProject
Project("{FAE04EC0-301F-11D3-BF4B-00C04F79EFBC}") = "Uppgift_5.2", "Uppgift_5.2\Uppgift_5.2.csproj", "{48042428-51F8-4FF9-9836-C7C0B85A5F09}"
EndProject
Project("{FAE04EC0-301F-11D3-BF4B-00C04F79EFBC}") = "Övning_7.1", "Övning_7.1\Övning_7.1.csproj", "{47C03C31-B7A2-413F-B847-E1A348BAA9E4}"
EndProject
Project("{FAE04EC0-301F-11D3-BF4B-00C04F79EFBC}") = "Övning_7.2", "Övning_7.2\Övning_7.2.csproj", "{98FBBE43-08F8-49B6-8968-A0F445570367}"
EndProject
Project("{FAE04EC0-301F-11D3-BF4B-00C04F79EFBC}") = "Övning_7.3", "Övning_7.3\Övning_7.3.csproj", "{C14BD904-55A1-4683-B4C1-A8BD09D773ED}"
EndProject
Project("{FAE04EC0-301F-11D3-BF4B-00C04F79EFBC}") = "Övning_7.4", "Övning_7.4\Övning_7.4.csproj", "{7C02C12D-B146-4134-8575-DE504E11E39B}"
EndProject
Project("{FAE04EC0-301F-11D3-BF4B-00C04F79EFBC}") = "Övning_7.5", "Övning_7.5\Övning_7.5.csproj", "{1F249607-CA60-4DE3-82BA-EC66681D20BD}"
EndProject
Project("{FAE04EC0-301F-11D3-BF4B-00C04F79EFBC}") = "Övning_7.6", "Övning_7.6\Övning_7.6.csproj", "{B1BF5F20-801C-435F-B8F3-5A3FE9A34434}"
EndProject
Project("{FAE04EC0-301F-11D3-BF4B-00C04F79EFBC}") = "Uppgift_7.1", "Uppgift_7.1\Uppgift_7.1.csproj", "{230C8FDE-1115-456F-B885-4FF41ED09120}"
EndProject
Project("{FAE04EC0-301F-11D3-BF4B-00C04F79EFBC}") = "Uppgift_7.2", "Uppgift_7.2\Uppgift_7.2.csproj", "{AFAD5C1A-FDE5-4520-83F5-CCA9CF987AF3}"
EndProject
Project("{FAE04EC0-301F-11D3-BF4B-00C04F79EFBC}") = "Uppgift_7.3", "Uppgift_7.3\Uppgift_7.3.csproj", "{D09DC376-C834-4372-BD45-576CC8B546A5}"
EndProject
Project("{FAE04EC0-301F-11D3-BF4B-00C04F79EFBC}") = "Uppgift_7.4(if och switch)", "Uppgift_7.4\Uppgift_7.4(if och switch).csproj", "{21BA431B-8986-4FDD-A582-C284758A33E0}"
EndProject
Project("{FAE04EC0-301F-11D3-BF4B-00C04F79EFBC}") = "Uppgift_7.5", "Uppgift_7.5\Uppgift_7.5.csproj", "{E2A04BF3-DAD8-4B14-8BCF-E5C559235F6F}"
EndProject
Project("{FAE04EC0-301F-11D3-BF4B-00C04F79EFBC}") = "Övning_8.1", "Övning_8.1\Övning_8.1.csproj", "{F1E6FA53-E5D9-4F9B-8F32-C33AD7C56B3E}"
EndProject
Project("{FAE04EC0-301F-11D3-BF4B-00C04F79EFBC}") = "Övning_9.1", "Övning_9.1\Övning_9.1.csproj", "{800B99D1-2F9C-4E9B-8CC1-53AAA695F98A}"
EndProject
Project("{FAE04EC0-301F-11D3-BF4B-00C04F79EFBC}") = "Övning_9.2", "Övning_9.2\Övning_9.2.csproj", "{05BE1C9B-37AC-4B62-BF7B-6922E76C71F2}"
EndProject
Project("{FAE04EC0-301F-11D3-BF4B-00C04F79EFBC}") = "Övning_9.3", "Övning_9.3\Övning_9.3.csproj", "{A4B845FD-A08E-4BAE-8167-C8D7D01260D9}"
EndProject
Project("{FAE04EC0-301F-11D3-BF4B-00C04F79EFBC}") = "Övning_9.4", "Övning_9.4\Övning_9.4.csproj", "{76FE88FC-0D3B-445E-9A27-B1A9E610CE11}"
EndProject
Project("{FAE04EC0-301F-11D3-BF4B-00C04F79EFBC}") = "Övning_9.5", "Övning_9.5\Övning_9.5.csproj", "{CF399A31-06E7-4D55-BF7A-123C5A716C5F}"
EndProject
Project("{FAE04EC0-301F-11D3-BF4B-00C04F79EFBC}") = "Övning_9.6", "Övning_9.6\Övning_9.6.csproj", "{75B01938-55D1-4380-827A-C35CD29D1E9B}"
EndProject
Project("{FAE04EC0-301F-11D3-BF4B-00C04F79EFBC}") = "Övning_9.9", "Övning_9.9\Övning_9.9.csproj", "{CC489123-9322-41C5-AD92-733D249DEF55}"
EndProject
Project("{FAE04EC0-301F-11D3-BF4B-00C04F79EFBC}") = "Övning_9.10", "Övning_9.10\Övning_9.10.csproj", "{BDBA8978-8B10-4E1D-898F-A3F8CE11807D}"
EndProject
Project("{FAE04EC0-301F-11D3-BF4B-00C04F79EFBC}") = "Övning_10.1", "Övning_10.1\Övning_10.1.csproj", "{DFAF121B-DF5E-4E7E-B58F-BCFDBB88C104}"
EndProject
Project("{FAE04EC0-301F-11D3-BF4B-00C04F79EFBC}") = "Övning_10.2", "Övning_10.2\Övning_10.2.csproj", "{A67185DF-48E8-4642-AC15-EB53C78A175C}"
EndProject
Project("{FAE04EC0-301F-11D3-BF4B-00C04F79EFBC}") = "Övning_10.4", "Övning_10.4\Övning_10.4.csproj", "{39715380-C5EE-40ED-9589-AA2DEE5D991A}"
EndProject
Project("{FAE04EC0-301F-11D3-BF4B-00C04F79EFBC}") = "Övning_10.5", "Övning_10.5\Övning_10.5.csproj", "{F586CAB9-9DEF-4761-9567-5F9EA93952E2}"
EndProject
Global
	GlobalSection(SolutionConfigurationPlatforms) = preSolution
		Debug|Any CPU = Debug|Any CPU
		Release|Any CPU = Release|Any CPU
	EndGlobalSection
	GlobalSection(ProjectConfigurationPlatforms) = postSolution
		{0719177C-09F3-47BF-8BF1-919C7D7EB4E0}.Debug|Any CPU.ActiveCfg = Debug|Any CPU
		{0719177C-09F3-47BF-8BF1-919C7D7EB4E0}.Debug|Any CPU.Build.0 = Debug|Any CPU
		{0719177C-09F3-47BF-8BF1-919C7D7EB4E0}.Release|Any CPU.ActiveCfg = Release|Any CPU
		{0719177C-09F3-47BF-8BF1-919C7D7EB4E0}.Release|Any CPU.Build.0 = Release|Any CPU
		{9F76157E-3D9E-4EA3-ACBF-8E71AED58ED2}.Debug|Any CPU.ActiveCfg = Debug|Any CPU
		{9F76157E-3D9E-4EA3-ACBF-8E71AED58ED2}.Debug|Any CPU.Build.0 = Debug|Any CPU
		{9F76157E-3D9E-4EA3-ACBF-8E71AED58ED2}.Release|Any CPU.ActiveCfg = Release|Any CPU
		{9F76157E-3D9E-4EA3-ACBF-8E71AED58ED2}.Release|Any CPU.Build.0 = Release|Any CPU
		{833EDE9B-7E72-4FAC-98B6-DD04FECFB572}.Debug|Any CPU.ActiveCfg = Debug|Any CPU
		{833EDE9B-7E72-4FAC-98B6-DD04FECFB572}.Debug|Any CPU.Build.0 = Debug|Any CPU
		{833EDE9B-7E72-4FAC-98B6-DD04FECFB572}.Release|Any CPU.ActiveCfg = Release|Any CPU
		{833EDE9B-7E72-4FAC-98B6-DD04FECFB572}.Release|Any CPU.Build.0 = Release|Any CPU
		{5783D29D-755C-484B-8180-3EFD6B04F526}.Debug|Any CPU.ActiveCfg = Debug|Any CPU
		{5783D29D-755C-484B-8180-3EFD6B04F526}.Debug|Any CPU.Build.0 = Debug|Any CPU
		{5783D29D-755C-484B-8180-3EFD6B04F526}.Release|Any CPU.ActiveCfg = Release|Any CPU
		{5783D29D-755C-484B-8180-3EFD6B04F526}.Release|Any CPU.Build.0 = Release|Any CPU
		{3E2D6FBD-A59B-4519-8F0B-7BFCD6ECDE07}.Debug|Any CPU.ActiveCfg = Debug|Any CPU
		{3E2D6FBD-A59B-4519-8F0B-7BFCD6ECDE07}.Debug|Any CPU.Build.0 = Debug|Any CPU
		{3E2D6FBD-A59B-4519-8F0B-7BFCD6ECDE07}.Release|Any CPU.ActiveCfg = Release|Any CPU
		{3E2D6FBD-A59B-4519-8F0B-7BFCD6ECDE07}.Release|Any CPU.Build.0 = Release|Any CPU
		{8F85B4A6-76EC-48F4-9399-069A2F42EB13}.Debug|Any CPU.ActiveCfg = Debug|Any CPU
		{8F85B4A6-76EC-48F4-9399-069A2F42EB13}.Debug|Any CPU.Build.0 = Debug|Any CPU
		{8F85B4A6-76EC-48F4-9399-069A2F42EB13}.Release|Any CPU.ActiveCfg = Release|Any CPU
		{8F85B4A6-76EC-48F4-9399-069A2F42EB13}.Release|Any CPU.Build.0 = Release|Any CPU
		{8DE3E8AA-0E49-476A-A4B0-D5739C7AE9B1}.Debug|Any CPU.ActiveCfg = Debug|Any CPU
		{8DE3E8AA-0E49-476A-A4B0-D5739C7AE9B1}.Debug|Any CPU.Build.0 = Debug|Any CPU
		{8DE3E8AA-0E49-476A-A4B0-D5739C7AE9B1}.Release|Any CPU.ActiveCfg = Release|Any CPU
		{8DE3E8AA-0E49-476A-A4B0-D5739C7AE9B1}.Release|Any CPU.Build.0 = Release|Any CPU
		{830B2F4E-7F74-47B9-AF83-55F649EAB042}.Debug|Any CPU.ActiveCfg = Debug|Any CPU
		{830B2F4E-7F74-47B9-AF83-55F649EAB042}.Debug|Any CPU.Build.0 = Debug|Any CPU
		{830B2F4E-7F74-47B9-AF83-55F649EAB042}.Release|Any CPU.ActiveCfg = Release|Any CPU
		{830B2F4E-7F74-47B9-AF83-55F649EAB042}.Release|Any CPU.Build.0 = Release|Any CPU
		{DAF457DB-0DA2-4CB6-90ED-C900344E56AD}.Debug|Any CPU.ActiveCfg = Debug|Any CPU
		{DAF457DB-0DA2-4CB6-90ED-C900344E56AD}.Debug|Any CPU.Build.0 = Debug|Any CPU
		{DAF457DB-0DA2-4CB6-90ED-C900344E56AD}.Release|Any CPU.ActiveCfg = Release|Any CPU
		{DAF457DB-0DA2-4CB6-90ED-C900344E56AD}.Release|Any CPU.Build.0 = Release|Any CPU
		{D362D333-0069-400C-9C40-520790DE9C79}.Debug|Any CPU.ActiveCfg = Debug|Any CPU
		{D362D333-0069-400C-9C40-520790DE9C79}.Debug|Any CPU.Build.0 = Debug|Any CPU
		{D362D333-0069-400C-9C40-520790DE9C79}.Release|Any CPU.ActiveCfg = Release|Any CPU
		{D362D333-0069-400C-9C40-520790DE9C79}.Release|Any CPU.Build.0 = Release|Any CPU
		{73E996DA-4AC4-4F97-A92C-918AE6E3E076}.Debug|Any CPU.ActiveCfg = Debug|Any CPU
		{73E996DA-4AC4-4F97-A92C-918AE6E3E076}.Debug|Any CPU.Build.0 = Debug|Any CPU
		{73E996DA-4AC4-4F97-A92C-918AE6E3E076}.Release|Any CPU.ActiveCfg = Release|Any CPU
		{73E996DA-4AC4-4F97-A92C-918AE6E3E076}.Release|Any CPU.Build.0 = Release|Any CPU
		{5B6E2966-F941-430D-BACB-B205B91C5B6D}.Debug|Any CPU.ActiveCfg = Debug|Any CPU
		{5B6E2966-F941-430D-BACB-B205B91C5B6D}.Debug|Any CPU.Build.0 = Debug|Any CPU
		{5B6E2966-F941-430D-BACB-B205B91C5B6D}.Release|Any CPU.ActiveCfg = Release|Any CPU
		{5B6E2966-F941-430D-BACB-B205B91C5B6D}.Release|Any CPU.Build.0 = Release|Any CPU
		{8F9E1B68-2158-4805-A3A0-F6C5F7BF3CAC}.Debug|Any CPU.ActiveCfg = Debug|Any CPU
		{8F9E1B68-2158-4805-A3A0-F6C5F7BF3CAC}.Debug|Any CPU.Build.0 = Debug|Any CPU
		{8F9E1B68-2158-4805-A3A0-F6C5F7BF3CAC}.Release|Any CPU.ActiveCfg = Release|Any CPU
		{8F9E1B68-2158-4805-A3A0-F6C5F7BF3CAC}.Release|Any CPU.Build.0 = Release|Any CPU
		{998C0DEE-D8BF-4841-83A3-A80451AB1BCD}.Debug|Any CPU.ActiveCfg = Debug|Any CPU
		{998C0DEE-D8BF-4841-83A3-A80451AB1BCD}.Debug|Any CPU.Build.0 = Debug|Any CPU
		{998C0DEE-D8BF-4841-83A3-A80451AB1BCD}.Release|Any CPU.ActiveCfg = Release|Any CPU
		{998C0DEE-D8BF-4841-83A3-A80451AB1BCD}.Release|Any CPU.Build.0 = Release|Any CPU
		{65926AC1-9E13-490F-9FA6-111F2C6004A7}.Debug|Any CPU.ActiveCfg = Debug|Any CPU
		{65926AC1-9E13-490F-9FA6-111F2C6004A7}.Debug|Any CPU.Build.0 = Debug|Any CPU
		{65926AC1-9E13-490F-9FA6-111F2C6004A7}.Release|Any CPU.ActiveCfg = Release|Any CPU
		{65926AC1-9E13-490F-9FA6-111F2C6004A7}.Release|Any CPU.Build.0 = Release|Any CPU
		{8AEB8BD2-DB6F-4FF5-960C-5FBABF850294}.Debug|Any CPU.ActiveCfg = Debug|Any CPU
		{8AEB8BD2-DB6F-4FF5-960C-5FBABF850294}.Debug|Any CPU.Build.0 = Debug|Any CPU
		{8AEB8BD2-DB6F-4FF5-960C-5FBABF850294}.Release|Any CPU.ActiveCfg = Release|Any CPU
		{8AEB8BD2-DB6F-4FF5-960C-5FBABF850294}.Release|Any CPU.Build.0 = Release|Any CPU
		{FAFDBACE-49DA-4A99-8B86-8184BB6F7836}.Debug|Any CPU.ActiveCfg = Debug|Any CPU
		{FAFDBACE-49DA-4A99-8B86-8184BB6F7836}.Debug|Any CPU.Build.0 = Debug|Any CPU
		{FAFDBACE-49DA-4A99-8B86-8184BB6F7836}.Release|Any CPU.ActiveCfg = Release|Any CPU
		{FAFDBACE-49DA-4A99-8B86-8184BB6F7836}.Release|Any CPU.Build.0 = Release|Any CPU
		{FF2878FC-FE27-4AFF-B8A1-917D4892DEC9}.Debug|Any CPU.ActiveCfg = Debug|Any CPU
		{FF2878FC-FE27-4AFF-B8A1-917D4892DEC9}.Debug|Any CPU.Build.0 = Debug|Any CPU
		{FF2878FC-FE27-4AFF-B8A1-917D4892DEC9}.Release|Any CPU.ActiveCfg = Release|Any CPU
		{FF2878FC-FE27-4AFF-B8A1-917D4892DEC9}.Release|Any CPU.Build.0 = Release|Any CPU
		{95E5F631-B342-40A9-A6B6-9AEA8C615380}.Debug|Any CPU.ActiveCfg = Debug|Any CPU
		{95E5F631-B342-40A9-A6B6-9AEA8C615380}.Debug|Any CPU.Build.0 = Debug|Any CPU
		{95E5F631-B342-40A9-A6B6-9AEA8C615380}.Release|Any CPU.ActiveCfg = Release|Any CPU
		{95E5F631-B342-40A9-A6B6-9AEA8C615380}.Release|Any CPU.Build.0 = Release|Any CPU
		{B4115057-BF9D-4699-829D-726BBBFCEC0D}.Debug|Any CPU.ActiveCfg = Debug|Any CPU
		{B4115057-BF9D-4699-829D-726BBBFCEC0D}.Debug|Any CPU.Build.0 = Debug|Any CPU
		{B4115057-BF9D-4699-829D-726BBBFCEC0D}.Release|Any CPU.ActiveCfg = Release|Any CPU
		{B4115057-BF9D-4699-829D-726BBBFCEC0D}.Release|Any CPU.Build.0 = Release|Any CPU
		{48042428-51F8-4FF9-9836-C7C0B85A5F09}.Debug|Any CPU.ActiveCfg = Debug|Any CPU
		{48042428-51F8-4FF9-9836-C7C0B85A5F09}.Debug|Any CPU.Build.0 = Debug|Any CPU
		{48042428-51F8-4FF9-9836-C7C0B85A5F09}.Release|Any CPU.ActiveCfg = Release|Any CPU
		{48042428-51F8-4FF9-9836-C7C0B85A5F09}.Release|Any CPU.Build.0 = Release|Any CPU
		{47C03C31-B7A2-413F-B847-E1A348BAA9E4}.Debug|Any CPU.ActiveCfg = Debug|Any CPU
		{47C03C31-B7A2-413F-B847-E1A348BAA9E4}.Debug|Any CPU.Build.0 = Debug|Any CPU
		{47C03C31-B7A2-413F-B847-E1A348BAA9E4}.Release|Any CPU.ActiveCfg = Release|Any CPU
		{47C03C31-B7A2-413F-B847-E1A348BAA9E4}.Release|Any CPU.Build.0 = Release|Any CPU
		{98FBBE43-08F8-49B6-8968-A0F445570367}.Debug|Any CPU.ActiveCfg = Debug|Any CPU
		{98FBBE43-08F8-49B6-8968-A0F445570367}.Debug|Any CPU.Build.0 = Debug|Any CPU
		{98FBBE43-08F8-49B6-8968-A0F445570367}.Release|Any CPU.ActiveCfg = Release|Any CPU
		{98FBBE43-08F8-49B6-8968-A0F445570367}.Release|Any CPU.Build.0 = Release|Any CPU
		{C14BD904-55A1-4683-B4C1-A8BD09D773ED}.Debug|Any CPU.ActiveCfg = Debug|Any CPU
		{C14BD904-55A1-4683-B4C1-A8BD09D773ED}.Debug|Any CPU.Build.0 = Debug|Any CPU
		{C14BD904-55A1-4683-B4C1-A8BD09D773ED}.Release|Any CPU.ActiveCfg = Release|Any CPU
		{C14BD904-55A1-4683-B4C1-A8BD09D773ED}.Release|Any CPU.Build.0 = Release|Any CPU
		{7C02C12D-B146-4134-8575-DE504E11E39B}.Debug|Any CPU.ActiveCfg = Debug|Any CPU
		{7C02C12D-B146-4134-8575-DE504E11E39B}.Debug|Any CPU.Build.0 = Debug|Any CPU
		{7C02C12D-B146-4134-8575-DE504E11E39B}.Release|Any CPU.ActiveCfg = Release|Any CPU
		{7C02C12D-B146-4134-8575-DE504E11E39B}.Release|Any CPU.Build.0 = Release|Any CPU
		{1F249607-CA60-4DE3-82BA-EC66681D20BD}.Debug|Any CPU.ActiveCfg = Debug|Any CPU
		{1F249607-CA60-4DE3-82BA-EC66681D20BD}.Debug|Any CPU.Build.0 = Debug|Any CPU
		{1F249607-CA60-4DE3-82BA-EC66681D20BD}.Release|Any CPU.ActiveCfg = Release|Any CPU
		{1F249607-CA60-4DE3-82BA-EC66681D20BD}.Release|Any CPU.Build.0 = Release|Any CPU
		{B1BF5F20-801C-435F-B8F3-5A3FE9A34434}.Debug|Any CPU.ActiveCfg = Debug|Any CPU
		{B1BF5F20-801C-435F-B8F3-5A3FE9A34434}.Debug|Any CPU.Build.0 = Debug|Any CPU
		{B1BF5F20-801C-435F-B8F3-5A3FE9A34434}.Release|Any CPU.ActiveCfg = Release|Any CPU
		{B1BF5F20-801C-435F-B8F3-5A3FE9A34434}.Release|Any CPU.Build.0 = Release|Any CPU
		{230C8FDE-1115-456F-B885-4FF41ED09120}.Debug|Any CPU.ActiveCfg = Debug|Any CPU
		{230C8FDE-1115-456F-B885-4FF41ED09120}.Debug|Any CPU.Build.0 = Debug|Any CPU
		{230C8FDE-1115-456F-B885-4FF41ED09120}.Release|Any CPU.ActiveCfg = Release|Any CPU
		{230C8FDE-1115-456F-B885-4FF41ED09120}.Release|Any CPU.Build.0 = Release|Any CPU
		{AFAD5C1A-FDE5-4520-83F5-CCA9CF987AF3}.Debug|Any CPU.ActiveCfg = Debug|Any CPU
		{AFAD5C1A-FDE5-4520-83F5-CCA9CF987AF3}.Debug|Any CPU.Build.0 = Debug|Any CPU
		{AFAD5C1A-FDE5-4520-83F5-CCA9CF987AF3}.Release|Any CPU.ActiveCfg = Release|Any CPU
		{AFAD5C1A-FDE5-4520-83F5-CCA9CF987AF3}.Release|Any CPU.Build.0 = Release|Any CPU
		{D09DC376-C834-4372-BD45-576CC8B546A5}.Debug|Any CPU.ActiveCfg = Debug|Any CPU
		{D09DC376-C834-4372-BD45-576CC8B546A5}.Debug|Any CPU.Build.0 = Debug|Any CPU
		{D09DC376-C834-4372-BD45-576CC8B546A5}.Release|Any CPU.ActiveCfg = Release|Any CPU
		{D09DC376-C834-4372-BD45-576CC8B546A5}.Release|Any CPU.Build.0 = Release|Any CPU
		{21BA431B-8986-4FDD-A582-C284758A33E0}.Debug|Any CPU.ActiveCfg = Debug|Any CPU
		{21BA431B-8986-4FDD-A582-C284758A33E0}.Debug|Any CPU.Build.0 = Debug|Any CPU
		{21BA431B-8986-4FDD-A582-C284758A33E0}.Release|Any CPU.ActiveCfg = Release|Any CPU
		{21BA431B-8986-4FDD-A582-C284758A33E0}.Release|Any CPU.Build.0 = Release|Any CPU
		{E2A04BF3-DAD8-4B14-8BCF-E5C559235F6F}.Debug|Any CPU.ActiveCfg = Debug|Any CPU
		{E2A04BF3-DAD8-4B14-8BCF-E5C559235F6F}.Debug|Any CPU.Build.0 = Debug|Any CPU
		{E2A04BF3-DAD8-4B14-8BCF-E5C559235F6F}.Release|Any CPU.ActiveCfg = Release|Any CPU
		{E2A04BF3-DAD8-4B14-8BCF-E5C559235F6F}.Release|Any CPU.Build.0 = Release|Any CPU
		{F1E6FA53-E5D9-4F9B-8F32-C33AD7C56B3E}.Debug|Any CPU.ActiveCfg = Debug|Any CPU
		{F1E6FA53-E5D9-4F9B-8F32-C33AD7C56B3E}.Debug|Any CPU.Build.0 = Debug|Any CPU
		{F1E6FA53-E5D9-4F9B-8F32-C33AD7C56B3E}.Release|Any CPU.ActiveCfg = Release|Any CPU
		{F1E6FA53-E5D9-4F9B-8F32-C33AD7C56B3E}.Release|Any CPU.Build.0 = Release|Any CPU
		{800B99D1-2F9C-4E9B-8CC1-53AAA695F98A}.Debug|Any CPU.ActiveCfg = Debug|Any CPU
		{800B99D1-2F9C-4E9B-8CC1-53AAA695F98A}.Debug|Any CPU.Build.0 = Debug|Any CPU
		{800B99D1-2F9C-4E9B-8CC1-53AAA695F98A}.Release|Any CPU.ActiveCfg = Release|Any CPU
		{800B99D1-2F9C-4E9B-8CC1-53AAA695F98A}.Release|Any CPU.Build.0 = Release|Any CPU
		{05BE1C9B-37AC-4B62-BF7B-6922E76C71F2}.Debug|Any CPU.ActiveCfg = Debug|Any CPU
		{05BE1C9B-37AC-4B62-BF7B-6922E76C71F2}.Debug|Any CPU.Build.0 = Debug|Any CPU
		{05BE1C9B-37AC-4B62-BF7B-6922E76C71F2}.Release|Any CPU.ActiveCfg = Release|Any CPU
		{05BE1C9B-37AC-4B62-BF7B-6922E76C71F2}.Release|Any CPU.Build.0 = Release|Any CPU
		{A4B845FD-A08E-4BAE-8167-C8D7D01260D9}.Debug|Any CPU.ActiveCfg = Debug|Any CPU
		{A4B845FD-A08E-4BAE-8167-C8D7D01260D9}.Debug|Any CPU.Build.0 = Debug|Any CPU
		{A4B845FD-A08E-4BAE-8167-C8D7D01260D9}.Release|Any CPU.ActiveCfg = Release|Any CPU
		{A4B845FD-A08E-4BAE-8167-C8D7D01260D9}.Release|Any CPU.Build.0 = Release|Any CPU
		{76FE88FC-0D3B-445E-9A27-B1A9E610CE11}.Debug|Any CPU.ActiveCfg = Debug|Any CPU
		{76FE88FC-0D3B-445E-9A27-B1A9E610CE11}.Debug|Any CPU.Build.0 = Debug|Any CPU
		{76FE88FC-0D3B-445E-9A27-B1A9E610CE11}.Release|Any CPU.ActiveCfg = Release|Any CPU
		{76FE88FC-0D3B-445E-9A27-B1A9E610CE11}.Release|Any CPU.Build.0 = Release|Any CPU
		{CF399A31-06E7-4D55-BF7A-123C5A716C5F}.Debug|Any CPU.ActiveCfg = Debug|Any CPU
		{CF399A31-06E7-4D55-BF7A-123C5A716C5F}.Debug|Any CPU.Build.0 = Debug|Any CPU
		{CF399A31-06E7-4D55-BF7A-123C5A716C5F}.Release|Any CPU.ActiveCfg = Release|Any CPU
		{CF399A31-06E7-4D55-BF7A-123C5A716C5F}.Release|Any CPU.Build.0 = Release|Any CPU
		{75B01938-55D1-4380-827A-C35CD29D1E9B}.Debug|Any CPU.ActiveCfg = Debug|Any CPU
		{75B01938-55D1-4380-827A-C35CD29D1E9B}.Debug|Any CPU.Build.0 = Debug|Any CPU
		{75B01938-55D1-4380-827A-C35CD29D1E9B}.Release|Any CPU.ActiveCfg = Release|Any CPU
		{75B01938-55D1-4380-827A-C35CD29D1E9B}.Release|Any CPU.Build.0 = Release|Any CPU
		{CC489123-9322-41C5-AD92-733D249DEF55}.Debug|Any CPU.ActiveCfg = Debug|Any CPU
		{CC489123-9322-41C5-AD92-733D249DEF55}.Debug|Any CPU.Build.0 = Debug|Any CPU
		{CC489123-9322-41C5-AD92-733D249DEF55}.Release|Any CPU.ActiveCfg = Release|Any CPU
		{CC489123-9322-41C5-AD92-733D249DEF55}.Release|Any CPU.Build.0 = Release|Any CPU
		{BDBA8978-8B10-4E1D-898F-A3F8CE11807D}.Debug|Any CPU.ActiveCfg = Debug|Any CPU
		{BDBA8978-8B10-4E1D-898F-A3F8CE11807D}.Debug|Any CPU.Build.0 = Debug|Any CPU
		{BDBA8978-8B10-4E1D-898F-A3F8CE11807D}.Release|Any CPU.ActiveCfg = Release|Any CPU
		{BDBA8978-8B10-4E1D-898F-A3F8CE11807D}.Release|Any CPU.Build.0 = Release|Any CPU
		{DFAF121B-DF5E-4E7E-B58F-BCFDBB88C104}.Debug|Any CPU.ActiveCfg = Debug|Any CPU
		{DFAF121B-DF5E-4E7E-B58F-BCFDBB88C104}.Debug|Any CPU.Build.0 = Debug|Any CPU
		{DFAF121B-DF5E-4E7E-B58F-BCFDBB88C104}.Release|Any CPU.ActiveCfg = Release|Any CPU
		{DFAF121B-DF5E-4E7E-B58F-BCFDBB88C104}.Release|Any CPU.Build.0 = Release|Any CPU
		{A67185DF-48E8-4642-AC15-EB53C78A175C}.Debug|Any CPU.ActiveCfg = Debug|Any CPU
		{A67185DF-48E8-4642-AC15-EB53C78A175C}.Debug|Any CPU.Build.0 = Debug|Any CPU
		{A67185DF-48E8-4642-AC15-EB53C78A175C}.Release|Any CPU.ActiveCfg = Release|Any CPU
		{A67185DF-48E8-4642-AC15-EB53C78A175C}.Release|Any CPU.Build.0 = Release|Any CPU
		{39715380-C5EE-40ED-9589-AA2DEE5D991A}.Debug|Any CPU.ActiveCfg = Debug|Any CPU
		{39715380-C5EE-40ED-9589-AA2DEE5D991A}.Debug|Any CPU.Build.0 = Debug|Any CPU
		{39715380-C5EE-40ED-9589-AA2DEE5D991A}.Release|Any CPU.ActiveCfg = Release|Any CPU
		{39715380-C5EE-40ED-9589-AA2DEE5D991A}.Release|Any CPU.Build.0 = Release|Any CPU
		{F586CAB9-9DEF-4761-9567-5F9EA93952E2}.Debug|Any CPU.ActiveCfg = Debug|Any CPU
		{F586CAB9-9DEF-4761-9567-5F9EA93952E2}.Debug|Any CPU.Build.0 = Debug|Any CPU
		{F586CAB9-9DEF-4761-9567-5F9EA93952E2}.Release|Any CPU.ActiveCfg = Release|Any CPU
		{F586CAB9-9DEF-4761-9567-5F9EA93952E2}.Release|Any CPU.Build.0 = Release|Any CPU
	EndGlobalSection
	GlobalSection(SolutionProperties) = preSolution
		HideSolutionNode = FALSE
	EndGlobalSection
	GlobalSection(ExtensibilityGlobals) = postSolution
		SolutionGuid = {2B37B185-7245-4C2E-A0D3-6C40A66BEE2C}
	EndGlobalSection
EndGlobal
